// !$*UTF8*$!
{
	archiveVersion = 1;
	classes = {
	};
	objectVersion = 50;
	objects = {

/* Begin PBXBuildFile section */
		2B511F442244885900A2CD20 /* AppDelegate.swift in Sources */ = {isa = PBXBuildFile; fileRef = 2B511F432244885900A2CD20 /* AppDelegate.swift */; };
		2B511F4B2244885A00A2CD20 /* Assets.xcassets in Resources */ = {isa = PBXBuildFile; fileRef = 2B511F4A2244885A00A2CD20 /* Assets.xcassets */; };
		2B511F4E2244885A00A2CD20 /* LaunchScreen.storyboard in Resources */ = {isa = PBXBuildFile; fileRef = 2B511F4C2244885A00A2CD20 /* LaunchScreen.storyboard */; };
		2B511F592244885B00A2CD20 /* ShuffleSongsTests.swift in Sources */ = {isa = PBXBuildFile; fileRef = 2B511F582244885B00A2CD20 /* ShuffleSongsTests.swift */; };
		2B511F6C22448D4700A2CD20 /* ListPresenter.swift in Sources */ = {isa = PBXBuildFile; fileRef = 2B511F6622448D4700A2CD20 /* ListPresenter.swift */; };
		2B511F6D22448D4700A2CD20 /* ListWorker.swift in Sources */ = {isa = PBXBuildFile; fileRef = 2B511F6722448D4700A2CD20 /* ListWorker.swift */; };
		2B511F6F22448D4700A2CD20 /* ListModels.swift in Sources */ = {isa = PBXBuildFile; fileRef = 2B511F6922448D4700A2CD20 /* ListModels.swift */; };
		2B511F7022448D4700A2CD20 /* ListViewController.swift in Sources */ = {isa = PBXBuildFile; fileRef = 2B511F6A22448D4700A2CD20 /* ListViewController.swift */; };
		2B511F7122448D4700A2CD20 /* ListInteractor.swift in Sources */ = {isa = PBXBuildFile; fileRef = 2B511F6B22448D4700A2CD20 /* ListInteractor.swift */; };
		2B511F772244929D00A2CD20 /* Track.swift in Sources */ = {isa = PBXBuildFile; fileRef = 2B511F762244929D00A2CD20 /* Track.swift */; };
		2B511F7B2244962B00A2CD20 /* Artist.swift in Sources */ = {isa = PBXBuildFile; fileRef = 2B511F7A2244962A00A2CD20 /* Artist.swift */; };
		2B511F7E224498A100A2CD20 /* HTTPService.swift in Sources */ = {isa = PBXBuildFile; fileRef = 2B511F7D224498A100A2CD20 /* HTTPService.swift */; };
		2B511F80224498BD00A2CD20 /* HTTPError.swift in Sources */ = {isa = PBXBuildFile; fileRef = 2B511F7F224498BD00A2CD20 /* HTTPError.swift */; };
		2B511F82224498CE00A2CD20 /* String+Services.swift in Sources */ = {isa = PBXBuildFile; fileRef = 2B511F81224498CE00A2CD20 /* String+Services.swift */; };
		2B511F84224498EF00A2CD20 /* Localizable.strings in Resources */ = {isa = PBXBuildFile; fileRef = 2B511F83224498EF00A2CD20 /* Localizable.strings */; };
		2B511F862244994B00A2CD20 /* String+Localized.swift in Sources */ = {isa = PBXBuildFile; fileRef = 2B511F852244994B00A2CD20 /* String+Localized.swift */; };
		2B511F9322449B4300A2CD20 /* RootViewController.swift in Sources */ = {isa = PBXBuildFile; fileRef = 2B511F8D22449B4300A2CD20 /* RootViewController.swift */; };
		2B511F9622449BE300A2CD20 /* Colors.swift in Sources */ = {isa = PBXBuildFile; fileRef = 2B511F9522449BE300A2CD20 /* Colors.swift */; };
		2B511F982244A08500A2CD20 /* ListView.swift in Sources */ = {isa = PBXBuildFile; fileRef = 2B511F972244A08500A2CD20 /* ListView.swift */; };
		2B511F9A2244A2BA00A2CD20 /* API.swift in Sources */ = {isa = PBXBuildFile; fileRef = 2B511F992244A2BA00A2CD20 /* API.swift */; };
		2B511F9C2244A35E00A2CD20 /* DataContainer.swift in Sources */ = {isa = PBXBuildFile; fileRef = 2B511F9B2244A35E00A2CD20 /* DataContainer.swift */; };
		2B511F9E2244B04100A2CD20 /* DateFormatter.swift in Sources */ = {isa = PBXBuildFile; fileRef = 2B511F9D2244B04100A2CD20 /* DateFormatter.swift */; };
		2B511FA02245194800A2CD20 /* ListTrackCell.swift in Sources */ = {isa = PBXBuildFile; fileRef = 2B511F9F2245194800A2CD20 /* ListTrackCell.swift */; };
		2B511FA32245199E00A2CD20 /* ReuseIdentifiable.swift in Sources */ = {isa = PBXBuildFile; fileRef = 2B511FA22245199E00A2CD20 /* ReuseIdentifiable.swift */; };
		2B511FA7224527ED00A2CD20 /* ImageWorker.swift in Sources */ = {isa = PBXBuildFile; fileRef = 2B511FA6224527ED00A2CD20 /* ImageWorker.swift */; };
		2B511FAA2245289E00A2CD20 /* URLImageView.swift in Sources */ = {isa = PBXBuildFile; fileRef = 2B511FA92245289E00A2CD20 /* URLImageView.swift */; };
		2B511FAE22452ED900A2CD20 /* String+List.swift in Sources */ = {isa = PBXBuildFile; fileRef = 2B511FAD22452ED900A2CD20 /* String+List.swift */; };
		2B511FB022452FE700A2CD20 /* UIImage+List.swift in Sources */ = {isa = PBXBuildFile; fileRef = 2B511FAF22452FE700A2CD20 /* UIImage+List.swift */; };
		C183712A3C4B69DA0C1AA9B7 /* Pods_ShuffleSongsTests.framework in Frameworks */ = {isa = PBXBuildFile; fileRef = 225509FFCBF0AA72D0570695 /* Pods_ShuffleSongsTests.framework */; };
		CE6E9BB875EB358FF005B742 /* Pods_ShuffleSongs.framework in Frameworks */ = {isa = PBXBuildFile; fileRef = 63DDF9EF0FC7F2499D1B7120 /* Pods_ShuffleSongs.framework */; };
/* End PBXBuildFile section */

/* Begin PBXContainerItemProxy section */
		2B511F552244885B00A2CD20 /* PBXContainerItemProxy */ = {
			isa = PBXContainerItemProxy;
			containerPortal = 2B511F382244885900A2CD20 /* Project object */;
			proxyType = 1;
			remoteGlobalIDString = 2B511F3F2244885900A2CD20;
			remoteInfo = ShuffleSongs;
		};
/* End PBXContainerItemProxy section */

/* Begin PBXFileReference section */
		13A7F9BD1AAF5BDA374F5CE7 /* Pods-ShuffleSongs.release.xcconfig */ = {isa = PBXFileReference; includeInIndex = 1; lastKnownFileType = text.xcconfig; name = "Pods-ShuffleSongs.release.xcconfig"; path = "Target Support Files/Pods-ShuffleSongs/Pods-ShuffleSongs.release.xcconfig"; sourceTree = "<group>"; };
		225509FFCBF0AA72D0570695 /* Pods_ShuffleSongsTests.framework */ = {isa = PBXFileReference; explicitFileType = wrapper.framework; includeInIndex = 0; path = Pods_ShuffleSongsTests.framework; sourceTree = BUILT_PRODUCTS_DIR; };
		2B511F402244885900A2CD20 /* ShuffleSongs.app */ = {isa = PBXFileReference; explicitFileType = wrapper.application; includeInIndex = 0; path = ShuffleSongs.app; sourceTree = BUILT_PRODUCTS_DIR; };
		2B511F432244885900A2CD20 /* AppDelegate.swift */ = {isa = PBXFileReference; lastKnownFileType = sourcecode.swift; path = AppDelegate.swift; sourceTree = "<group>"; };
		2B511F4A2244885A00A2CD20 /* Assets.xcassets */ = {isa = PBXFileReference; lastKnownFileType = folder.assetcatalog; path = Assets.xcassets; sourceTree = "<group>"; };
		2B511F4D2244885A00A2CD20 /* Base */ = {isa = PBXFileReference; lastKnownFileType = file.storyboard; name = Base; path = Base.lproj/LaunchScreen.storyboard; sourceTree = "<group>"; };
		2B511F4F2244885A00A2CD20 /* Info.plist */ = {isa = PBXFileReference; lastKnownFileType = text.plist.xml; path = Info.plist; sourceTree = "<group>"; };
		2B511F542244885B00A2CD20 /* ShuffleSongsTests.xctest */ = {isa = PBXFileReference; explicitFileType = wrapper.cfbundle; includeInIndex = 0; path = ShuffleSongsTests.xctest; sourceTree = BUILT_PRODUCTS_DIR; };
		2B511F582244885B00A2CD20 /* ShuffleSongsTests.swift */ = {isa = PBXFileReference; lastKnownFileType = sourcecode.swift; path = ShuffleSongsTests.swift; sourceTree = "<group>"; };
		2B511F5A2244885B00A2CD20 /* Info.plist */ = {isa = PBXFileReference; lastKnownFileType = text.plist.xml; path = Info.plist; sourceTree = "<group>"; };
		2B511F6622448D4700A2CD20 /* ListPresenter.swift */ = {isa = PBXFileReference; lastKnownFileType = sourcecode.swift; path = ListPresenter.swift; sourceTree = "<group>"; };
		2B511F6722448D4700A2CD20 /* ListWorker.swift */ = {isa = PBXFileReference; lastKnownFileType = sourcecode.swift; path = ListWorker.swift; sourceTree = "<group>"; };
		2B511F6922448D4700A2CD20 /* ListModels.swift */ = {isa = PBXFileReference; lastKnownFileType = sourcecode.swift; path = ListModels.swift; sourceTree = "<group>"; };
		2B511F6A22448D4700A2CD20 /* ListViewController.swift */ = {isa = PBXFileReference; lastKnownFileType = sourcecode.swift; path = ListViewController.swift; sourceTree = "<group>"; };
		2B511F6B22448D4700A2CD20 /* ListInteractor.swift */ = {isa = PBXFileReference; lastKnownFileType = sourcecode.swift; path = ListInteractor.swift; sourceTree = "<group>"; };
		2B511F762244929D00A2CD20 /* Track.swift */ = {isa = PBXFileReference; lastKnownFileType = sourcecode.swift; path = Track.swift; sourceTree = "<group>"; };
		2B511F7A2244962A00A2CD20 /* Artist.swift */ = {isa = PBXFileReference; fileEncoding = 4; lastKnownFileType = sourcecode.swift; path = Artist.swift; sourceTree = "<group>"; };
		2B511F7D224498A100A2CD20 /* HTTPService.swift */ = {isa = PBXFileReference; lastKnownFileType = sourcecode.swift; path = HTTPService.swift; sourceTree = "<group>"; };
		2B511F7F224498BD00A2CD20 /* HTTPError.swift */ = {isa = PBXFileReference; lastKnownFileType = sourcecode.swift; path = HTTPError.swift; sourceTree = "<group>"; };
		2B511F81224498CE00A2CD20 /* String+Services.swift */ = {isa = PBXFileReference; lastKnownFileType = sourcecode.swift; path = "String+Services.swift"; sourceTree = "<group>"; };
		2B511F83224498EF00A2CD20 /* Localizable.strings */ = {isa = PBXFileReference; lastKnownFileType = text.plist.strings; path = Localizable.strings; sourceTree = "<group>"; };
		2B511F852244994B00A2CD20 /* String+Localized.swift */ = {isa = PBXFileReference; lastKnownFileType = sourcecode.swift; path = "String+Localized.swift"; sourceTree = "<group>"; };
		2B511F8D22449B4300A2CD20 /* RootViewController.swift */ = {isa = PBXFileReference; lastKnownFileType = sourcecode.swift; path = RootViewController.swift; sourceTree = "<group>"; };
		2B511F9522449BE300A2CD20 /* Colors.swift */ = {isa = PBXFileReference; lastKnownFileType = sourcecode.swift; path = Colors.swift; sourceTree = "<group>"; };
		2B511F972244A08500A2CD20 /* ListView.swift */ = {isa = PBXFileReference; lastKnownFileType = sourcecode.swift; path = ListView.swift; sourceTree = "<group>"; };
		2B511F992244A2BA00A2CD20 /* API.swift */ = {isa = PBXFileReference; lastKnownFileType = sourcecode.swift; path = API.swift; sourceTree = "<group>"; };
		2B511F9B2244A35E00A2CD20 /* DataContainer.swift */ = {isa = PBXFileReference; lastKnownFileType = sourcecode.swift; path = DataContainer.swift; sourceTree = "<group>"; };
		2B511F9D2244B04100A2CD20 /* DateFormatter.swift */ = {isa = PBXFileReference; lastKnownFileType = sourcecode.swift; path = DateFormatter.swift; sourceTree = "<group>"; };
		2B511F9F2245194800A2CD20 /* ListTrackCell.swift */ = {isa = PBXFileReference; lastKnownFileType = sourcecode.swift; path = ListTrackCell.swift; sourceTree = "<group>"; };
		2B511FA22245199E00A2CD20 /* ReuseIdentifiable.swift */ = {isa = PBXFileReference; lastKnownFileType = sourcecode.swift; path = ReuseIdentifiable.swift; sourceTree = "<group>"; };
		2B511FA6224527ED00A2CD20 /* ImageWorker.swift */ = {isa = PBXFileReference; lastKnownFileType = sourcecode.swift; path = ImageWorker.swift; sourceTree = "<group>"; };
		2B511FA92245289E00A2CD20 /* URLImageView.swift */ = {isa = PBXFileReference; lastKnownFileType = sourcecode.swift; path = URLImageView.swift; sourceTree = "<group>"; };
		2B511FAD22452ED900A2CD20 /* String+List.swift */ = {isa = PBXFileReference; fileEncoding = 4; lastKnownFileType = sourcecode.swift; path = "String+List.swift"; sourceTree = "<group>"; };
		2B511FAF22452FE700A2CD20 /* UIImage+List.swift */ = {isa = PBXFileReference; lastKnownFileType = sourcecode.swift; path = "UIImage+List.swift"; sourceTree = "<group>"; };
		63DDF9EF0FC7F2499D1B7120 /* Pods_ShuffleSongs.framework */ = {isa = PBXFileReference; explicitFileType = wrapper.framework; includeInIndex = 0; path = Pods_ShuffleSongs.framework; sourceTree = BUILT_PRODUCTS_DIR; };
		9167CCAA8103D96B9B5BF2D8 /* Pods-ShuffleSongsTests.debug.xcconfig */ = {isa = PBXFileReference; includeInIndex = 1; lastKnownFileType = text.xcconfig; name = "Pods-ShuffleSongsTests.debug.xcconfig"; path = "Target Support Files/Pods-ShuffleSongsTests/Pods-ShuffleSongsTests.debug.xcconfig"; sourceTree = "<group>"; };
		989A09399DE1F0B2733372F9 /* Pods-ShuffleSongs.debug.xcconfig */ = {isa = PBXFileReference; includeInIndex = 1; lastKnownFileType = text.xcconfig; name = "Pods-ShuffleSongs.debug.xcconfig"; path = "Target Support Files/Pods-ShuffleSongs/Pods-ShuffleSongs.debug.xcconfig"; sourceTree = "<group>"; };
		C8883FA1849328A7141E6754 /* Pods-ShuffleSongsTests.release.xcconfig */ = {isa = PBXFileReference; includeInIndex = 1; lastKnownFileType = text.xcconfig; name = "Pods-ShuffleSongsTests.release.xcconfig"; path = "Target Support Files/Pods-ShuffleSongsTests/Pods-ShuffleSongsTests.release.xcconfig"; sourceTree = "<group>"; };
/* End PBXFileReference section */

/* Begin PBXFrameworksBuildPhase section */
		2B511F3D2244885900A2CD20 /* Frameworks */ = {
			isa = PBXFrameworksBuildPhase;
			buildActionMask = 2147483647;
			files = (
				CE6E9BB875EB358FF005B742 /* Pods_ShuffleSongs.framework in Frameworks */,
			);
			runOnlyForDeploymentPostprocessing = 0;
		};
		2B511F512244885B00A2CD20 /* Frameworks */ = {
			isa = PBXFrameworksBuildPhase;
			buildActionMask = 2147483647;
			files = (
				C183712A3C4B69DA0C1AA9B7 /* Pods_ShuffleSongsTests.framework in Frameworks */,
			);
			runOnlyForDeploymentPostprocessing = 0;
		};
/* End PBXFrameworksBuildPhase section */

/* Begin PBXGroup section */
		2B511F372244885900A2CD20 = {
			isa = PBXGroup;
			children = (
				2B511F422244885900A2CD20 /* ShuffleSongs */,
				2B511F572244885B00A2CD20 /* ShuffleSongsTests */,
				2B511F412244885900A2CD20 /* Products */,
				469182152B29453D09F1457F /* Pods */,
				5E6D245C058FAF5225E4F101 /* Frameworks */,
			);
			sourceTree = "<group>";
		};
		2B511F412244885900A2CD20 /* Products */ = {
			isa = PBXGroup;
			children = (
				2B511F402244885900A2CD20 /* ShuffleSongs.app */,
				2B511F542244885B00A2CD20 /* ShuffleSongsTests.xctest */,
			);
			name = Products;
			sourceTree = "<group>";
		};
		2B511F422244885900A2CD20 /* ShuffleSongs */ = {
			isa = PBXGroup;
			children = (
				2B511F63224488C900A2CD20 /* Application */,
				2B511F6522448D3000A2CD20 /* Scenes */,
				2B511F722244913C00A2CD20 /* Shared */,
				2B511F64224488D500A2CD20 /* Resources */,
			);
			path = ShuffleSongs;
			sourceTree = "<group>";
		};
		2B511F572244885B00A2CD20 /* ShuffleSongsTests */ = {
			isa = PBXGroup;
			children = (
				2B511F582244885B00A2CD20 /* ShuffleSongsTests.swift */,
				2B511F5A2244885B00A2CD20 /* Info.plist */,
			);
			path = ShuffleSongsTests;
			sourceTree = "<group>";
		};
		2B511F63224488C900A2CD20 /* Application */ = {
			isa = PBXGroup;
			children = (
				2B511F432244885900A2CD20 /* AppDelegate.swift */,
				2B511F4F2244885A00A2CD20 /* Info.plist */,
				2B511F9522449BE300A2CD20 /* Colors.swift */,
			);
			path = Application;
			sourceTree = "<group>";
		};
		2B511F64224488D500A2CD20 /* Resources */ = {
			isa = PBXGroup;
			children = (
				2B511F4A2244885A00A2CD20 /* Assets.xcassets */,
				2B511F4C2244885A00A2CD20 /* LaunchScreen.storyboard */,
				2B511F83224498EF00A2CD20 /* Localizable.strings */,
			);
			path = Resources;
			sourceTree = "<group>";
		};
		2B511F6522448D3000A2CD20 /* Scenes */ = {
			isa = PBXGroup;
			children = (
				2B511F8822449B3700A2CD20 /* Root */,
				2B511F8722449B2E00A2CD20 /* List */,
			);
			path = Scenes;
			sourceTree = "<group>";
		};
		2B511F722244913C00A2CD20 /* Shared */ = {
			isa = PBXGroup;
			children = (
				2B511FA82245289600A2CD20 /* Views */,
				2B511FA5224527E200A2CD20 /* Workers */,
				2B511FA12245196B00A2CD20 /* Protocols */,
				2B511F732244914300A2CD20 /* Models */,
				2B511F7C2244988500A2CD20 /* Services */,
				2B511F852244994B00A2CD20 /* String+Localized.swift */,
				2B511F9D2244B04100A2CD20 /* DateFormatter.swift */,
			);
			path = Shared;
			sourceTree = "<group>";
		};
		2B511F732244914300A2CD20 /* Models */ = {
			isa = PBXGroup;
			children = (
				2B511F7A2244962A00A2CD20 /* Artist.swift */,
				2B511F762244929D00A2CD20 /* Track.swift */,
				2B511F9B2244A35E00A2CD20 /* DataContainer.swift */,
			);
			path = Models;
			sourceTree = "<group>";
		};
		2B511F7C2244988500A2CD20 /* Services */ = {
			isa = PBXGroup;
			children = (
				2B511F7D224498A100A2CD20 /* HTTPService.swift */,
				2B511F7F224498BD00A2CD20 /* HTTPError.swift */,
				2B511F992244A2BA00A2CD20 /* API.swift */,
				2B511F81224498CE00A2CD20 /* String+Services.swift */,
			);
			path = Services;
			sourceTree = "<group>";
		};
		2B511F8722449B2E00A2CD20 /* List */ = {
			isa = PBXGroup;
			children = (
				2B511F6622448D4700A2CD20 /* ListPresenter.swift */,
				2B511F6722448D4700A2CD20 /* ListWorker.swift */,
				2B511F6922448D4700A2CD20 /* ListModels.swift */,
				2B511F6A22448D4700A2CD20 /* ListViewController.swift */,
				2B511F972244A08500A2CD20 /* ListView.swift */,
				2B511F9F2245194800A2CD20 /* ListTrackCell.swift */,
				2B511F6B22448D4700A2CD20 /* ListInteractor.swift */,
				2B511FAD22452ED900A2CD20 /* String+List.swift */,
				2B511FAF22452FE700A2CD20 /* UIImage+List.swift */,
			);
			path = List;
			sourceTree = "<group>";
		};
		2B511F8822449B3700A2CD20 /* Root */ = {
			isa = PBXGroup;
			children = (
				2B511F8D22449B4300A2CD20 /* RootViewController.swift */,
			);
			path = Root;
			sourceTree = "<group>";
		};
		2B511FA12245196B00A2CD20 /* Protocols */ = {
			isa = PBXGroup;
			children = (
				2B511FA22245199E00A2CD20 /* ReuseIdentifiable.swift */,
			);
			path = Protocols;
			sourceTree = "<group>";
		};
		2B511FA5224527E200A2CD20 /* Workers */ = {
			isa = PBXGroup;
			children = (
				2B511FA6224527ED00A2CD20 /* ImageWorker.swift */,
			);
			path = Workers;
			sourceTree = "<group>";
		};
		2B511FA82245289600A2CD20 /* Views */ = {
			isa = PBXGroup;
			children = (
				2B511FA92245289E00A2CD20 /* URLImageView.swift */,
			);
			path = Views;
			sourceTree = "<group>";
		};
		469182152B29453D09F1457F /* Pods */ = {
			isa = PBXGroup;
			children = (
				989A09399DE1F0B2733372F9 /* Pods-ShuffleSongs.debug.xcconfig */,
				13A7F9BD1AAF5BDA374F5CE7 /* Pods-ShuffleSongs.release.xcconfig */,
				9167CCAA8103D96B9B5BF2D8 /* Pods-ShuffleSongsTests.debug.xcconfig */,
				C8883FA1849328A7141E6754 /* Pods-ShuffleSongsTests.release.xcconfig */,
			);
			path = Pods;
			sourceTree = "<group>";
		};
		5E6D245C058FAF5225E4F101 /* Frameworks */ = {
			isa = PBXGroup;
			children = (
				63DDF9EF0FC7F2499D1B7120 /* Pods_ShuffleSongs.framework */,
				225509FFCBF0AA72D0570695 /* Pods_ShuffleSongsTests.framework */,
			);
			name = Frameworks;
			sourceTree = "<group>";
		};
/* End PBXGroup section */

/* Begin PBXNativeTarget section */
		2B511F3F2244885900A2CD20 /* ShuffleSongs */ = {
			isa = PBXNativeTarget;
			buildConfigurationList = 2B511F5D2244885B00A2CD20 /* Build configuration list for PBXNativeTarget "ShuffleSongs" */;
			buildPhases = (
				262079284E3BC8B475796720 /* [CP] Check Pods Manifest.lock */,
				2B511F3C2244885900A2CD20 /* Sources */,
				2B511F3D2244885900A2CD20 /* Frameworks */,
				2B511F3E2244885900A2CD20 /* Resources */,
				651C5A3B5E7A2DC700C627E6 /* [CP] Embed Pods Frameworks */,
			);
			buildRules = (
			);
			dependencies = (
			);
			name = ShuffleSongs;
			productName = ShuffleSongs;
			productReference = 2B511F402244885900A2CD20 /* ShuffleSongs.app */;
			productType = "com.apple.product-type.application";
		};
		2B511F532244885B00A2CD20 /* ShuffleSongsTests */ = {
			isa = PBXNativeTarget;
			buildConfigurationList = 2B511F602244885B00A2CD20 /* Build configuration list for PBXNativeTarget "ShuffleSongsTests" */;
			buildPhases = (
				3A10536984A27D3953080F17 /* [CP] Check Pods Manifest.lock */,
				2B511F502244885B00A2CD20 /* Sources */,
				2B511F512244885B00A2CD20 /* Frameworks */,
				2B511F522244885B00A2CD20 /* Resources */,
			);
			buildRules = (
			);
			dependencies = (
				2B511F562244885B00A2CD20 /* PBXTargetDependency */,
			);
			name = ShuffleSongsTests;
			productName = ShuffleSongsTests;
			productReference = 2B511F542244885B00A2CD20 /* ShuffleSongsTests.xctest */;
			productType = "com.apple.product-type.bundle.unit-test";
		};
/* End PBXNativeTarget section */

/* Begin PBXProject section */
		2B511F382244885900A2CD20 /* Project object */ = {
			isa = PBXProject;
			attributes = {
				LastSwiftUpdateCheck = 1010;
				LastUpgradeCheck = 1010;
				ORGANIZATIONNAME = "Gilson Gil";
				TargetAttributes = {
					2B511F3F2244885900A2CD20 = {
						CreatedOnToolsVersion = 10.1;
					};
					2B511F532244885B00A2CD20 = {
						CreatedOnToolsVersion = 10.1;
						TestTargetID = 2B511F3F2244885900A2CD20;
					};
				};
			};
			buildConfigurationList = 2B511F3B2244885900A2CD20 /* Build configuration list for PBXProject "ShuffleSongs" */;
			compatibilityVersion = "Xcode 9.3";
			developmentRegion = en;
			hasScannedForEncodings = 0;
			knownRegions = (
				en,
				Base,
			);
			mainGroup = 2B511F372244885900A2CD20;
			productRefGroup = 2B511F412244885900A2CD20 /* Products */;
			projectDirPath = "";
			projectRoot = "";
			targets = (
				2B511F3F2244885900A2CD20 /* ShuffleSongs */,
				2B511F532244885B00A2CD20 /* ShuffleSongsTests */,
			);
		};
/* End PBXProject section */

/* Begin PBXResourcesBuildPhase section */
		2B511F3E2244885900A2CD20 /* Resources */ = {
			isa = PBXResourcesBuildPhase;
			buildActionMask = 2147483647;
			files = (
				2B511F4E2244885A00A2CD20 /* LaunchScreen.storyboard in Resources */,
				2B511F84224498EF00A2CD20 /* Localizable.strings in Resources */,
				2B511F4B2244885A00A2CD20 /* Assets.xcassets in Resources */,
			);
			runOnlyForDeploymentPostprocessing = 0;
		};
		2B511F522244885B00A2CD20 /* Resources */ = {
			isa = PBXResourcesBuildPhase;
			buildActionMask = 2147483647;
			files = (
			);
			runOnlyForDeploymentPostprocessing = 0;
		};
/* End PBXResourcesBuildPhase section */

/* Begin PBXShellScriptBuildPhase section */
		262079284E3BC8B475796720 /* [CP] Check Pods Manifest.lock */ = {
			isa = PBXShellScriptBuildPhase;
			buildActionMask = 2147483647;
			files = (
			);
			inputFileListPaths = (
			);
			inputPaths = (
				"${PODS_PODFILE_DIR_PATH}/Podfile.lock",
				"${PODS_ROOT}/Manifest.lock",
			);
			name = "[CP] Check Pods Manifest.lock";
			outputFileListPaths = (
			);
			outputPaths = (
				"$(DERIVED_FILE_DIR)/Pods-ShuffleSongs-checkManifestLockResult.txt",
			);
			runOnlyForDeploymentPostprocessing = 0;
			shellPath = /bin/sh;
			shellScript = "diff \"${PODS_PODFILE_DIR_PATH}/Podfile.lock\" \"${PODS_ROOT}/Manifest.lock\" > /dev/null\nif [ $? != 0 ] ; then\n    # print error to STDERR\n    echo \"error: The sandbox is not in sync with the Podfile.lock. Run 'pod install' or update your CocoaPods installation.\" >&2\n    exit 1\nfi\n# This output is used by Xcode 'outputs' to avoid re-running this script phase.\necho \"SUCCESS\" > \"${SCRIPT_OUTPUT_FILE_0}\"\n";
			showEnvVarsInLog = 0;
		};
		3A10536984A27D3953080F17 /* [CP] Check Pods Manifest.lock */ = {
			isa = PBXShellScriptBuildPhase;
			buildActionMask = 2147483647;
			files = (
			);
			inputFileListPaths = (
			);
			inputPaths = (
				"${PODS_PODFILE_DIR_PATH}/Podfile.lock",
				"${PODS_ROOT}/Manifest.lock",
			);
			name = "[CP] Check Pods Manifest.lock";
			outputFileListPaths = (
			);
			outputPaths = (
				"$(DERIVED_FILE_DIR)/Pods-ShuffleSongsTests-checkManifestLockResult.txt",
			);
			runOnlyForDeploymentPostprocessing = 0;
			shellPath = /bin/sh;
			shellScript = "diff \"${PODS_PODFILE_DIR_PATH}/Podfile.lock\" \"${PODS_ROOT}/Manifest.lock\" > /dev/null\nif [ $? != 0 ] ; then\n    # print error to STDERR\n    echo \"error: The sandbox is not in sync with the Podfile.lock. Run 'pod install' or update your CocoaPods installation.\" >&2\n    exit 1\nfi\n# This output is used by Xcode 'outputs' to avoid re-running this script phase.\necho \"SUCCESS\" > \"${SCRIPT_OUTPUT_FILE_0}\"\n";
			showEnvVarsInLog = 0;
		};
		651C5A3B5E7A2DC700C627E6 /* [CP] Embed Pods Frameworks */ = {
			isa = PBXShellScriptBuildPhase;
			buildActionMask = 2147483647;
			files = (
			);
			inputFileListPaths = (
			);
			inputPaths = (
				"${PODS_ROOT}/Target Support Files/Pods-ShuffleSongs/Pods-ShuffleSongs-frameworks.sh",
				"${BUILT_PRODUCTS_DIR}/Cartography/Cartography.framework",
			);
			name = "[CP] Embed Pods Frameworks";
			outputFileListPaths = (
			);
			outputPaths = (
				"${TARGET_BUILD_DIR}/${FRAMEWORKS_FOLDER_PATH}/Cartography.framework",
			);
			runOnlyForDeploymentPostprocessing = 0;
			shellPath = /bin/sh;
			shellScript = "\"${PODS_ROOT}/Target Support Files/Pods-ShuffleSongs/Pods-ShuffleSongs-frameworks.sh\"\n";
			showEnvVarsInLog = 0;
		};
/* End PBXShellScriptBuildPhase section */

/* Begin PBXSourcesBuildPhase section */
		2B511F3C2244885900A2CD20 /* Sources */ = {
			isa = PBXSourcesBuildPhase;
			buildActionMask = 2147483647;
			files = (
				2B511F9E2244B04100A2CD20 /* DateFormatter.swift in Sources */,
				2B511F6F22448D4700A2CD20 /* ListModels.swift in Sources */,
				2B511F9322449B4300A2CD20 /* RootViewController.swift in Sources */,
				2B511F982244A08500A2CD20 /* ListView.swift in Sources */,
				2B511FAA2245289E00A2CD20 /* URLImageView.swift in Sources */,
				2B511F7022448D4700A2CD20 /* ListViewController.swift in Sources */,
				2B511F9622449BE300A2CD20 /* Colors.swift in Sources */,
				2B511FA32245199E00A2CD20 /* ReuseIdentifiable.swift in Sources */,
				2B511F7B2244962B00A2CD20 /* Artist.swift in Sources */,
				2B511F7122448D4700A2CD20 /* ListInteractor.swift in Sources */,
				2B511F772244929D00A2CD20 /* Track.swift in Sources */,
				2B511F9C2244A35E00A2CD20 /* DataContainer.swift in Sources */,
				2B511FA7224527ED00A2CD20 /* ImageWorker.swift in Sources */,
				2B511FB022452FE700A2CD20 /* UIImage+List.swift in Sources */,
				2B511F82224498CE00A2CD20 /* String+Services.swift in Sources */,
				2B511F862244994B00A2CD20 /* String+Localized.swift in Sources */,
				2B511F6D22448D4700A2CD20 /* ListWorker.swift in Sources */,
				2B511F7E224498A100A2CD20 /* HTTPService.swift in Sources */,
				2B511F6C22448D4700A2CD20 /* ListPresenter.swift in Sources */,
				2B511FA02245194800A2CD20 /* ListTrackCell.swift in Sources */,
				2B511F80224498BD00A2CD20 /* HTTPError.swift in Sources */,
				2B511F9A2244A2BA00A2CD20 /* API.swift in Sources */,
				2B511F442244885900A2CD20 /* AppDelegate.swift in Sources */,
				2B511FAE22452ED900A2CD20 /* String+List.swift in Sources */,
			);
			runOnlyForDeploymentPostprocessing = 0;
		};
		2B511F502244885B00A2CD20 /* Sources */ = {
			isa = PBXSourcesBuildPhase;
			buildActionMask = 2147483647;
			files = (
				2B511F592244885B00A2CD20 /* ShuffleSongsTests.swift in Sources */,
			);
			runOnlyForDeploymentPostprocessing = 0;
		};
/* End PBXSourcesBuildPhase section */

/* Begin PBXTargetDependency section */
		2B511F562244885B00A2CD20 /* PBXTargetDependency */ = {
			isa = PBXTargetDependency;
			target = 2B511F3F2244885900A2CD20 /* ShuffleSongs */;
			targetProxy = 2B511F552244885B00A2CD20 /* PBXContainerItemProxy */;
		};
/* End PBXTargetDependency section */

/* Begin PBXVariantGroup section */
		2B511F4C2244885A00A2CD20 /* LaunchScreen.storyboard */ = {
			isa = PBXVariantGroup;
			children = (
				2B511F4D2244885A00A2CD20 /* Base */,
			);
			name = LaunchScreen.storyboard;
			sourceTree = "<group>";
		};
/* End PBXVariantGroup section */

/* Begin XCBuildConfiguration section */
		2B511F5B2244885B00A2CD20 /* Debug */ = {
			isa = XCBuildConfiguration;
			buildSettings = {
				ALWAYS_SEARCH_USER_PATHS = NO;
				CLANG_ANALYZER_NONNULL = YES;
				CLANG_ANALYZER_NUMBER_OBJECT_CONVERSION = YES_AGGRESSIVE;
				CLANG_CXX_LANGUAGE_STANDARD = "gnu++14";
				CLANG_CXX_LIBRARY = "libc++";
				CLANG_ENABLE_MODULES = YES;
				CLANG_ENABLE_OBJC_ARC = YES;
				CLANG_ENABLE_OBJC_WEAK = YES;
				CLANG_WARN_BLOCK_CAPTURE_AUTORELEASING = YES;
				CLANG_WARN_BOOL_CONVERSION = YES;
				CLANG_WARN_COMMA = YES;
				CLANG_WARN_CONSTANT_CONVERSION = YES;
				CLANG_WARN_DEPRECATED_OBJC_IMPLEMENTATIONS = YES;
				CLANG_WARN_DIRECT_OBJC_ISA_USAGE = YES_ERROR;
				CLANG_WARN_DOCUMENTATION_COMMENTS = YES;
				CLANG_WARN_EMPTY_BODY = YES;
				CLANG_WARN_ENUM_CONVERSION = YES;
				CLANG_WARN_INFINITE_RECURSION = YES;
				CLANG_WARN_INT_CONVERSION = YES;
				CLANG_WARN_NON_LITERAL_NULL_CONVERSION = YES;
				CLANG_WARN_OBJC_IMPLICIT_RETAIN_SELF = YES;
				CLANG_WARN_OBJC_LITERAL_CONVERSION = YES;
				CLANG_WARN_OBJC_ROOT_CLASS = YES_ERROR;
				CLANG_WARN_RANGE_LOOP_ANALYSIS = YES;
				CLANG_WARN_STRICT_PROTOTYPES = YES;
				CLANG_WARN_SUSPICIOUS_MOVE = YES;
				CLANG_WARN_UNGUARDED_AVAILABILITY = YES_AGGRESSIVE;
				CLANG_WARN_UNREACHABLE_CODE = YES;
				CLANG_WARN__DUPLICATE_METHOD_MATCH = YES;
				CODE_SIGN_IDENTITY = "iPhone Developer";
				COPY_PHASE_STRIP = NO;
				DEBUG_INFORMATION_FORMAT = dwarf;
				ENABLE_STRICT_OBJC_MSGSEND = YES;
				ENABLE_TESTABILITY = YES;
				GCC_C_LANGUAGE_STANDARD = gnu11;
				GCC_DYNAMIC_NO_PIC = NO;
				GCC_NO_COMMON_BLOCKS = YES;
				GCC_OPTIMIZATION_LEVEL = 0;
				GCC_PREPROCESSOR_DEFINITIONS = (
					"DEBUG=1",
					"$(inherited)",
				);
				GCC_WARN_64_TO_32_BIT_CONVERSION = YES;
				GCC_WARN_ABOUT_RETURN_TYPE = YES_ERROR;
				GCC_WARN_UNDECLARED_SELECTOR = YES;
				GCC_WARN_UNINITIALIZED_AUTOS = YES_AGGRESSIVE;
				GCC_WARN_UNUSED_FUNCTION = YES;
				GCC_WARN_UNUSED_VARIABLE = YES;
				IPHONEOS_DEPLOYMENT_TARGET = 9.0;
				MTL_ENABLE_DEBUG_INFO = INCLUDE_SOURCE;
				MTL_FAST_MATH = YES;
				ONLY_ACTIVE_ARCH = YES;
				SDKROOT = iphoneos;
				SWIFT_ACTIVE_COMPILATION_CONDITIONS = DEBUG;
				SWIFT_OPTIMIZATION_LEVEL = "-Onone";
			};
			name = Debug;
		};
		2B511F5C2244885B00A2CD20 /* Release */ = {
			isa = XCBuildConfiguration;
			buildSettings = {
				ALWAYS_SEARCH_USER_PATHS = NO;
				CLANG_ANALYZER_NONNULL = YES;
				CLANG_ANALYZER_NUMBER_OBJECT_CONVERSION = YES_AGGRESSIVE;
				CLANG_CXX_LANGUAGE_STANDARD = "gnu++14";
				CLANG_CXX_LIBRARY = "libc++";
				CLANG_ENABLE_MODULES = YES;
				CLANG_ENABLE_OBJC_ARC = YES;
				CLANG_ENABLE_OBJC_WEAK = YES;
				CLANG_WARN_BLOCK_CAPTURE_AUTORELEASING = YES;
				CLANG_WARN_BOOL_CONVERSION = YES;
				CLANG_WARN_COMMA = YES;
				CLANG_WARN_CONSTANT_CONVERSION = YES;
				CLANG_WARN_DEPRECATED_OBJC_IMPLEMENTATIONS = YES;
				CLANG_WARN_DIRECT_OBJC_ISA_USAGE = YES_ERROR;
				CLANG_WARN_DOCUMENTATION_COMMENTS = YES;
				CLANG_WARN_EMPTY_BODY = YES;
				CLANG_WARN_ENUM_CONVERSION = YES;
				CLANG_WARN_INFINITE_RECURSION = YES;
				CLANG_WARN_INT_CONVERSION = YES;
				CLANG_WARN_NON_LITERAL_NULL_CONVERSION = YES;
				CLANG_WARN_OBJC_IMPLICIT_RETAIN_SELF = YES;
				CLANG_WARN_OBJC_LITERAL_CONVERSION = YES;
				CLANG_WARN_OBJC_ROOT_CLASS = YES_ERROR;
				CLANG_WARN_RANGE_LOOP_ANALYSIS = YES;
				CLANG_WARN_STRICT_PROTOTYPES = YES;
				CLANG_WARN_SUSPICIOUS_MOVE = YES;
				CLANG_WARN_UNGUARDED_AVAILABILITY = YES_AGGRESSIVE;
				CLANG_WARN_UNREACHABLE_CODE = YES;
				CLANG_WARN__DUPLICATE_METHOD_MATCH = YES;
				CODE_SIGN_IDENTITY = "iPhone Developer";
				COPY_PHASE_STRIP = NO;
				DEBUG_INFORMATION_FORMAT = "dwarf-with-dsym";
				ENABLE_NS_ASSERTIONS = NO;
				ENABLE_STRICT_OBJC_MSGSEND = YES;
				GCC_C_LANGUAGE_STANDARD = gnu11;
				GCC_NO_COMMON_BLOCKS = YES;
				GCC_WARN_64_TO_32_BIT_CONVERSION = YES;
				GCC_WARN_ABOUT_RETURN_TYPE = YES_ERROR;
				GCC_WARN_UNDECLARED_SELECTOR = YES;
				GCC_WARN_UNINITIALIZED_AUTOS = YES_AGGRESSIVE;
				GCC_WARN_UNUSED_FUNCTION = YES;
				GCC_WARN_UNUSED_VARIABLE = YES;
				IPHONEOS_DEPLOYMENT_TARGET = 9.0;
				MTL_ENABLE_DEBUG_INFO = NO;
				MTL_FAST_MATH = YES;
				SDKROOT = iphoneos;
				SWIFT_COMPILATION_MODE = wholemodule;
				SWIFT_OPTIMIZATION_LEVEL = "-O";
				VALIDATE_PRODUCT = YES;
			};
			name = Release;
		};
		2B511F5E2244885B00A2CD20 /* Debug */ = {
			isa = XCBuildConfiguration;
			baseConfigurationReference = 989A09399DE1F0B2733372F9 /* Pods-ShuffleSongs.debug.xcconfig */;
			buildSettings = {
				ASSETCATALOG_COMPILER_APPICON_NAME = AppIcon;
				CODE_SIGN_STYLE = Automatic;
				DEVELOPMENT_TEAM = W53VLM5X6W;
				INFOPLIST_FILE = "$(SRCROOT)/ShuffleSongs/Application/Info.plist";
				IPHONEOS_DEPLOYMENT_TARGET = 9.0;
				LD_RUNPATH_SEARCH_PATHS = (
					"$(inherited)",
					"@executable_path/Frameworks",
				);
				PRODUCT_BUNDLE_IDENTIFIER = com.gilsongil.ShuffleSongs;
				PRODUCT_NAME = "$(TARGET_NAME)";
				SWIFT_VERSION = 4.2;
				TARGETED_DEVICE_FAMILY = "1,2";
			};
			name = Debug;
		};
		2B511F5F2244885B00A2CD20 /* Release */ = {
			isa = XCBuildConfiguration;
			baseConfigurationReference = 13A7F9BD1AAF5BDA374F5CE7 /* Pods-ShuffleSongs.release.xcconfig */;
			buildSettings = {
				ASSETCATALOG_COMPILER_APPICON_NAME = AppIcon;
				CODE_SIGN_STYLE = Automatic;
				DEVELOPMENT_TEAM = W53VLM5X6W;
				INFOPLIST_FILE = "$(SRCROOT)/ShuffleSongs/Application/Info.plist";
				IPHONEOS_DEPLOYMENT_TARGET = 9.0;
				LD_RUNPATH_SEARCH_PATHS = (
					"$(inherited)",
					"@executable_path/Frameworks",
				);
				PRODUCT_BUNDLE_IDENTIFIER = com.gilsongil.ShuffleSongs;
				PRODUCT_NAME = "$(TARGET_NAME)";
				SWIFT_VERSION = 4.2;
				TARGETED_DEVICE_FAMILY = "1,2";
			};
			name = Release;
		};
		2B511F612244885B00A2CD20 /* Debug */ = {
			isa = XCBuildConfiguration;
			baseConfigurationReference = 9167CCAA8103D96B9B5BF2D8 /* Pods-ShuffleSongsTests.debug.xcconfig */;
			buildSettings = {
				ALWAYS_EMBED_SWIFT_STANDARD_LIBRARIES = YES;
				BUNDLE_LOADER = "$(TEST_HOST)";
				CODE_SIGN_STYLE = Automatic;
				DEVELOPMENT_TEAM = W53VLM5X6W;
				INFOPLIST_FILE = ShuffleSongsTests/Info.plist;
				LD_RUNPATH_SEARCH_PATHS = (
					"$(inherited)",
					"@executable_path/Frameworks",
					"@loader_path/Frameworks",
				);
				PRODUCT_BUNDLE_IDENTIFIER = com.gilsongil.ShuffleSongsTests;
				PRODUCT_NAME = "$(TARGET_NAME)";
				SWIFT_VERSION = 4.2;
				TARGETED_DEVICE_FAMILY = "1,2";
				TEST_HOST = "$(BUILT_PRODUCTS_DIR)/ShuffleSongs.app/ShuffleSongs";
			};
			name = Debug;
		};
		2B511F622244885B00A2CD20 /* Release */ = {
			isa = XCBuildConfiguration;
			baseConfigurationReference = C8883FA1849328A7141E6754 /* Pods-ShuffleSongsTests.release.xcconfig */;
			buildSettings = {
				ALWAYS_EMBED_SWIFT_STANDARD_LIBRARIES = YES;
				BUNDLE_LOADER = "$(TEST_HOST)";
				CODE_SIGN_STYLE = Automatic;
				DEVELOPMENT_TEAM = W53VLM5X6W;
				INFOPLIST_FILE = ShuffleSongsTests/Info.plist;
				LD_RUNPATH_SEARCH_PATHS = (
					"$(inherited)",
					"@executable_path/Frameworks",
					"@loader_path/Frameworks",
				);
				PRODUCT_BUNDLE_IDENTIFIER = com.gilsongil.ShuffleSongsTests;
				PRODUCT_NAME = "$(TARGET_NAME)";
				SWIFT_VERSION = 4.2;
				TARGETED_DEVICE_FAMILY = "1,2";
				TEST_HOST = "$(BUILT_PRODUCTS_DIR)/ShuffleSongs.app/ShuffleSongs";
			};
			name = Release;
		};
/* End XCBuildConfiguration section */

/* Begin XCConfigurationList section */
		2B511F3B2244885900A2CD20 /* Build configuration list for PBXProject "ShuffleSongs" */ = {
			isa = XCConfigurationList;
			buildConfigurations = (
				2B511F5B2244885B00A2CD20 /* Debug */,
				2B511F5C2244885B00A2CD20 /* Release */,
			);
			defaultConfigurationIsVisible = 0;
			defaultConfigurationName = Release;
		};
		2B511F5D2244885B00A2CD20 /* Build configuration list for PBXNativeTarget "ShuffleSongs" */ = {
			isa = XCConfigurationList;
			buildConfigurations = (
				2B511F5E2244885B00A2CD20 /* Debug */,
				2B511F5F2244885B00A2CD20 /* Release */,
			);
			defaultConfigurationIsVisible = 0;
			defaultConfigurationName = Release;
		};
		2B511F602244885B00A2CD20 /* Build configuration list for PBXNativeTarget "ShuffleSongsTests" */ = {
			isa = XCConfigurationList;
			buildConfigurations = (
				2B511F612244885B00A2CD20 /* Debug */,
				2B511F622244885B00A2CD20 /* Release */,
			);
			defaultConfigurationIsVisible = 0;
			defaultConfigurationName = Release;
		};
/* End XCConfigurationList section */
	};
	rootObject = 2B511F382244885900A2CD20 /* Project object */;
}
